
Microsoft Visual Studio Solution File, Format Version 12.00
# Visual Studio Version 17
VisualStudioVersion = 17.14.37111.16 d17.14
MinimumVisualStudioVersion = 10.0.40219.1
Project("{FAE04EC0-301F-11D3-BF4B-00C04F79EFBC}") = "TvcLesson07Models", "TvcLesson07Models.csproj", "{07BF3E80-6324-4C0F-BB02-5129B08C4A6B}"
EndProject
Global
	GlobalSection(SolutionConfigurationPlatforms) = preSolution
		Debug|Any CPU = Debug|Any CPU
		Release|Any CPU = Release|Any CPU
	EndGlobalSection
	GlobalSection(ProjectConfigurationPlatforms) = postSolution
		{07BF3E80-6324-4C0F-BB02-5129B08C4A6B}.Debug|Any CPU.ActiveCfg = Debug|Any CPU
		{07BF3E80-6324-4C0F-BB02-5129B08C4A6B}.Debug|Any CPU.Build.0 = Debug|Any CPU
		{07BF3E80-6324-4C0F-BB02-5129B08C4A6B}.Release|Any CPU.ActiveCfg = Release|Any CPU
		{07BF3E80-6324-4C0F-BB02-5129B08C4A6B}.Release|Any CPU.Build.0 = Release|Any CPU
	EndGlobalSection
	GlobalSection(SolutionProperties) = preSolution
		HideSolutionNode = FALSE
	EndGlobalSection
	GlobalSection(ExtensibilityGlobals) = postSolution
		SolutionGuid = {39F7F99E-4EF5-4458-9CDC-BADFBA10CBEC}
	EndGlobalSection
EndGlobal
